
Microsoft Visual Studio Solution File, Format Version 12.00
# Visual Studio Version 17
VisualStudioVersion = 17.0.32014.148
MinimumVisualStudioVersion = 10.0.40219.1
Project("{FAE04EC0-301F-11D3-BF4B-00C04F79EFBC}") = "MQTTClient_Sub", "MQTTClient_Sub\MQTTClient_Sub.csproj", "{493BA011-6C1A-4E88-B34A-1F2EE3001EAA}"
EndProject
Global
	GlobalSection(SolutionConfigurationPlatforms) = preSolution
		Debug|Any CPU = Debug|Any CPU
		Release|Any CPU = Release|Any CPU
	EndGlobalSection
	GlobalSection(ProjectConfigurationPlatforms) = postSolution
		{493BA011-6C1A-4E88-B34A-1F2EE3001EAA}.Debug|Any CPU.ActiveCfg = Debug|Any CPU
		{493BA011-6C1A-4E88-B34A-1F2EE3001EAA}.Debug|Any CPU.Build.0 = Debug|Any CPU
		{493BA011-6C1A-4E88-B34A-1F2EE3001EAA}.Release|Any CPU.ActiveCfg = Release|Any CPU
		{493BA011-6C1A-4E88-B34A-1F2EE3001EAA}.Release|Any CPU.Build.0 = Release|Any CPU
	EndGlobalSection
	GlobalSection(SolutionProperties) = preSolution
		HideSolutionNode = FALSE
	EndGlobalSection
	GlobalSection(ExtensibilityGlobals) = postSolution
		SolutionGuid = {B62B2795-A76B-4D39-B50E-152A4336D9D9}
	EndGlobalSection
EndGlobal
